
Microsoft Visual Studio Solution File, Format Version 12.00
# Visual Studio 2013
VisualStudioVersion = 12.0.21005.1
MinimumVisualStudioVersion = 10.0.40219.1
Project("{8BC9CEB8-8B4A-11D0-8D11-00A0C91BC942}") = "ㅂㄱㅎc", "ㅂㄱㅎc\ㅂㄱㅎc.vcxproj", "{807C9ACE-3FED-49FB-8A89-DEE32679FB04}"
EndProject
Project("{8BC9CEB8-8B4A-11D0-8D11-00A0C91BC942}") = "20170103", "20170103\20170103.vcxproj", "{AFE609E7-994D-4F6C-B62B-0FA0CD2E7E05}"
EndProject
Project("{8BC9CEB8-8B4A-11D0-8D11-00A0C91BC942}") = "20170104", "20170104\20170104.vcxproj", "{64333F5E-E267-41E6-8CD5-33F6F86C5DC9}"
EndProject
Project("{8BC9CEB8-8B4A-11D0-8D11-00A0C91BC942}") = "20170105", "20170105\20170105.vcxproj", "{A514897C-1BE5-4379-A113-5D951C2A8C55}"
EndProject
Project("{8BC9CEB8-8B4A-11D0-8D11-00A0C91BC942}") = "20170106", "20170106\20170106.vcxproj", "{897D6E23-0915-45E4-A9BC-45709D32038B}"
EndProject
Project("{8BC9CEB8-8B4A-11D0-8D11-00A0C91BC942}") = "20170109", "20170109\20170109.vcxproj", "{8705D659-7BE1-426A-B5FE-B24F9D8006F3}"
EndProject
Project("{8BC9CEB8-8B4A-11D0-8D11-00A0C91BC942}") = "20170110", "20170110\20170110.vcxproj", "{14443D89-CF59-449F-8A96-F05AF10151D1}"
EndProject
Project("{8BC9CEB8-8B4A-11D0-8D11-00A0C91BC942}") = "20170111", "20170111\20170111.vcxproj", "{28900842-D312-49DC-82F5-82FB1FE0DB4C}"
EndProject
Project("{8BC9CEB8-8B4A-11D0-8D11-00A0C91BC942}") = "20170112", "20170112\20170112.vcxproj", "{84BE5B3B-3F94-4E34-B092-75B0ECCA982B}"
EndProject
Project("{8BC9CEB8-8B4A-11D0-8D11-00A0C91BC942}") = "20170613", "20170613\20170613.vcxproj", "{F7F9086E-CD67-4467-9690-28ADBB254DC3}"
EndProject
Global
	GlobalSection(SolutionConfigurationPlatforms) = preSolution
		Debug|Win32 = Debug|Win32
		Release|Win32 = Release|Win32
	EndGlobalSection
	GlobalSection(ProjectConfigurationPlatforms) = postSolution
		{807C9ACE-3FED-49FB-8A89-DEE32679FB04}.Debug|Win32.ActiveCfg = Debug|Win32
		{807C9ACE-3FED-49FB-8A89-DEE32679FB04}.Debug|Win32.Build.0 = Debug|Win32
		{807C9ACE-3FED-49FB-8A89-DEE32679FB04}.Release|Win32.ActiveCfg = Release|Win32
		{807C9ACE-3FED-49FB-8A89-DEE32679FB04}.Release|Win32.Build.0 = Release|Win32
		{AFE609E7-994D-4F6C-B62B-0FA0CD2E7E05}.Debug|Win32.ActiveCfg = Debug|Win32
		{AFE609E7-994D-4F6C-B62B-0FA0CD2E7E05}.Debug|Win32.Build.0 = Debug|Win32
		{AFE609E7-994D-4F6C-B62B-0FA0CD2E7E05}.Release|Win32.ActiveCfg = Release|Win32
		{AFE609E7-994D-4F6C-B62B-0FA0CD2E7E05}.Release|Win32.Build.0 = Release|Win32
		{64333F5E-E267-41E6-8CD5-33F6F86C5DC9}.Debug|Win32.ActiveCfg = Debug|Win32
		{64333F5E-E267-41E6-8CD5-33F6F86C5DC9}.Debug|Win32.Build.0 = Debug|Win32
		{64333F5E-E267-41E6-8CD5-33F6F86C5DC9}.Release|Win32.ActiveCfg = Release|Win32
		{64333F5E-E267-41E6-8CD5-33F6F86C5DC9}.Release|Win32.Build.0 = Release|Win32
		{A514897C-1BE5-4379-A113-5D951C2A8C55}.Debug|Win32.ActiveCfg = Debug|Win32
		{A514897C-1BE5-4379-A113-5D951C2A8C55}.Debug|Win32.Build.0 = Debug|Win32
		{A514897C-1BE5-4379-A113-5D951C2A8C55}.Release|Win32.ActiveCfg = Release|Win32
		{A514897C-1BE5-4379-A113-5D951C2A8C55}.Release|Win32.Build.0 = Release|Win32
		{897D6E23-0915-45E4-A9BC-45709D32038B}.Debug|Win32.ActiveCfg = Debug|Win32
		{897D6E23-0915-45E4-A9BC-45709D32038B}.Debug|Win32.Build.0 = Debug|Win32
		{897D6E23-0915-45E4-A9BC-45709D32038B}.Release|Win32.ActiveCfg = Release|Win32
		{897D6E23-0915-45E4-A9BC-45709D32038B}.Release|Win32.Build.0 = Release|Win32
		{8705D659-7BE1-426A-B5FE-B24F9D8006F3}.Debug|Win32.ActiveCfg = Debug|Win32
		{8705D659-7BE1-426A-B5FE-B24F9D8006F3}.Debug|Win32.Build.0 = Debug|Win32
		{8705D659-7BE1-426A-B5FE-B24F9D8006F3}.Release|Win32.ActiveCfg = Release|Win32
		{8705D659-7BE1-426A-B5FE-B24F9D8006F3}.Release|Win32.Build.0 = Release|Win32
		{14443D89-CF59-449F-8A96-F05AF10151D1}.Debug|Win32.ActiveCfg = Debug|Win32
		{14443D89-CF59-449F-8A96-F05AF10151D1}.Debug|Win32.Build.0 = Debug|Win32
		{14443D89-CF59-449F-8A96-F05AF10151D1}.Release|Win32.ActiveCfg = Release|Win32
		{14443D89-CF59-449F-8A96-F05AF10151D1}.Release|Win32.Build.0 = Release|Win32
		{28900842-D312-49DC-82F5-82FB1FE0DB4C}.Debug|Win32.ActiveCfg = Debug|Win32
		{28900842-D312-49DC-82F5-82FB1FE0DB4C}.Debug|Win32.Build.0 = Debug|Win32
		{28900842-D312-49DC-82F5-82FB1FE0DB4C}.Release|Win32.ActiveCfg = Release|Win32
		{28900842-D312-49DC-82F5-82FB1FE0DB4C}.Release|Win32.Build.0 = Release|Win32
		{84BE5B3B-3F94-4E34-B092-75B0ECCA982B}.Debug|Win32.ActiveCfg = Debug|Win32
		{84BE5B3B-3F94-4E34-B092-75B0ECCA982B}.Debug|Win32.Build.0 = Debug|Win32
		{84BE5B3B-3F94-4E34-B092-75B0ECCA982B}.Release|Win32.ActiveCfg = Release|Win32
		{84BE5B3B-3F94-4E34-B092-75B0ECCA982B}.Release|Win32.Build.0 = Release|Win32
		{F7F9086E-CD67-4467-9690-28ADBB254DC3}.Debug|Win32.ActiveCfg = Debug|Win32
		{F7F9086E-CD67-4467-9690-28ADBB254DC3}.Debug|Win32.Build.0 = Debug|Win32
		{F7F9086E-CD67-4467-9690-28ADBB254DC3}.Release|Win32.ActiveCfg = Release|Win32
		{F7F9086E-CD67-4467-9690-28ADBB254DC3}.Release|Win32.Build.0 = Release|Win32
	EndGlobalSection
	GlobalSection(SolutionProperties) = preSolution
		HideSolutionNode = FALSE
	EndGlobalSection
EndGlobal
